
Microsoft Visual Studio Solution File, Format Version 12.00
# Visual Studio Version 17
VisualStudioVersion = 17.4.33205.214
MinimumVisualStudioVersion = 10.0.40219.1
Project("{FAE04EC0-301F-11D3-BF4B-00C04F79EFBC}") = "ProductAPI", "ProductAPI\ProductAPI.csproj", "{280F3704-CA99-4D48-8659-691AEB7B4E90}"
EndProject
Global
	GlobalSection(SolutionConfigurationPlatforms) = preSolution
		Debug|Any CPU = Debug|Any CPU
		Release|Any CPU = Release|Any CPU
	EndGlobalSection
	GlobalSection(ProjectConfigurationPlatforms) = postSolution
		{280F3704-CA99-4D48-8659-691AEB7B4E90}.Debug|Any CPU.ActiveCfg = Debug|Any CPU
		{280F3704-CA99-4D48-8659-691AEB7B4E90}.Debug|Any CPU.Build.0 = Debug|Any CPU
		{280F3704-CA99-4D48-8659-691AEB7B4E90}.Release|Any CPU.ActiveCfg = Release|Any CPU
		{280F3704-CA99-4D48-8659-691AEB7B4E90}.Release|Any CPU.Build.0 = Release|Any CPU
	EndGlobalSection
	GlobalSection(SolutionProperties) = preSolution
		HideSolutionNode = FALSE
	EndGlobalSection
	GlobalSection(ExtensibilityGlobals) = postSolution
		SolutionGuid = {1E486F60-0FFE-4874-9F95-77EF9EE81AC0}
	EndGlobalSection
EndGlobal
